# This file is automatically @generated by Poetry 1.7.1 and should not be changed by hand.

[[package]]
name = "aenum"
version = "3.1.15"
description = "Advanced Enumerations (compatible with Python's stdlib Enum), NamedTuples, and NamedConstants"
optional = false
python-versions = "*"
files = [
    {file = "aenum-3.1.15-py2-none-any.whl", hash = "sha256:27b1710b9d084de6e2e695dab78fe9f269de924b51ae2850170ee7e1ca6288a5"},
    {file = "aenum-3.1.15-py3-none-any.whl", hash = "sha256:e0dfaeea4c2bd362144b87377e2c61d91958c5ed0b4daf89cb6f45ae23af6288"},
    {file = "aenum-3.1.15.tar.gz", hash = "sha256:8cbd76cd18c4f870ff39b24284d3ea028fbe8731a58df3aa581e434c575b9559"},
]

[[package]]
name = "async-timeout"
version = "4.0.3"
description = "Timeout context manager for asyncio programs"
optional = false
python-versions = ">=3.7"
files = [
    {file = "async-timeout-4.0.3.tar.gz", hash = "sha256:4640d96be84d82d02ed59ea2b7105a0f7b33abe8703703cd0ab0bf87c427522f"},
    {file = "async_timeout-4.0.3-py3-none-any.whl", hash = "sha256:7405140ff1230c310e51dc27b3145b9092d659ce68ff733fb0cefe3ee42be028"},
]

[[package]]
name = "boto3"
version = "1.34.28"
description = "The AWS SDK for Python"
optional = false
python-versions = ">= 3.8"
files = [
    {file = "boto3-1.34.28-py3-none-any.whl", hash = "sha256:fb56622ce195c06ae0d15ae9472d44529362a869ad52862a5a28b891530969f9"},
    {file = "boto3-1.34.28.tar.gz", hash = "sha256:9e0dcca7bb0567f7b4b84d1d26c19b217abfe149d19106af7f120f09142688cf"},
]

[package.dependencies]
botocore = ">=1.34.28,<1.35.0"
jmespath = ">=0.7.1,<2.0.0"
s3transfer = ">=0.10.0,<0.11.0"

[package.extras]
crt = ["botocore[crt] (>=1.21.0,<2.0a0)"]

[[package]]
name = "botocore"
version = "1.34.28"
description = "Low-level, data-driven core of boto 3."
optional = false
python-versions = ">= 3.8"
files = [
    {file = "botocore-1.34.28-py3-none-any.whl", hash = "sha256:03be8209257ab65f3c8be7377cf8d38bff6a6afbe3d36c72924e48959bb694dc"},
    {file = "botocore-1.34.28.tar.gz", hash = "sha256:45c99ccc6389ab1a87e996a7cc8797c7e41d5ecd9a5757d567ba3a57cb7655e7"},
]

[package.dependencies]
jmespath = ">=0.7.1,<2.0.0"
python-dateutil = ">=2.1,<3.0.0"
urllib3 = {version = ">=1.25.4,<2.1", markers = "python_version >= \"3.10\""}

[package.extras]
crt = ["awscrt (==0.19.19)"]

[[package]]
name = "jmespath"
version = "1.0.1"
description = "JSON Matching Expressions"
optional = false
python-versions = ">=3.7"
files = [
    {file = "jmespath-1.0.1-py3-none-any.whl", hash = "sha256:02e2e4cc71b5bcab88332eebf907519190dd9e6e82107fa7f83b1003a6252980"},
    {file = "jmespath-1.0.1.tar.gz", hash = "sha256:90261b206d6defd58fdd5e85f478bf633a2901798906be2ad389150c5c60edbe"},
]

[[package]]
name = "lakefs"
version = "0.2.1"
description = "lakeFS Python SDK Wrapper"
optional = false
python-versions = ">=3.9"
files = [
    {file = "lakefs-0.2.1-py3-none-any.whl", hash = "sha256:89d7051b80951feb9569527efc260be14439bdb13cfc5d9099a50ed8c1136133"},
    {file = "lakefs-0.2.1.tar.gz", hash = "sha256:418d9e1befadcc2e9c648a63d400c73e2c15adbc8c9dfd8142c8be1e15c86266"},
]

[package.dependencies]
lakefs-sdk = ">=1.0,<2.0"
pydantic = ">=1.10.5,<2"
pyyaml = ">=6.0.1,<6.1.0"
setuptools = "68.2.2"

[[package]]
name = "lakefs-sdk"
version = "1.9.1"
description = "lakeFS API"
optional = false
python-versions = ">=3.6"
files = [
    {file = "lakefs-sdk-1.9.1.tar.gz", hash = "sha256:6ba10270136f821417171dba3c16d3839336acc29783e1dfa382fe76e3161375"},
    {file = "lakefs_sdk-1.9.1-py3-none-any.whl", hash = "sha256:4708e659e26830fc447c8a9373a729556cfebac1368e0d9990f6c5d02dcba622"},
]

[package.dependencies]
aenum = "*"
pydantic = ">=1.10.5,<2"
python-dateutil = "*"
urllib3 = ">=1.25.3,<2.1.0"

[[package]]
name = "pika"
version = "1.3.2"
description = "Pika Python AMQP Client Library"
optional = false
python-versions = ">=3.7"
files = [
    {file = "pika-1.3.2-py3-none-any.whl", hash = "sha256:0779a7c1fafd805672796085560d290213a465e4f6f76a6fb19e378d8041a14f"},
    {file = "pika-1.3.2.tar.gz", hash = "sha256:b2a327ddddf8570b4965b3576ac77091b850262d34ce8c1d8cb4e4146aa4145f"},
]

[package.extras]
gevent = ["gevent"]
tornado = ["tornado"]
twisted = ["twisted"]

[[package]]
name = "pydantic"
version = "1.10.14"
description = "Data validation and settings management using python type hints"
optional = false
python-versions = ">=3.7"
files = [
    {file = "pydantic-1.10.14-cp310-cp310-macosx_10_9_x86_64.whl", hash = "sha256:7f4fcec873f90537c382840f330b90f4715eebc2bc9925f04cb92de593eae054"},
    {file = "pydantic-1.10.14-cp310-cp310-macosx_11_0_arm64.whl", hash = "sha256:8e3a76f571970fcd3c43ad982daf936ae39b3e90b8a2e96c04113a369869dc87"},
    {file = "pydantic-1.10.14-cp310-cp310-manylinux_2_17_x86_64.manylinux2014_x86_64.whl", hash = "sha256:82d886bd3c3fbeaa963692ef6b643159ccb4b4cefaf7ff1617720cbead04fd1d"},
    {file = "pydantic-1.10.14-cp310-cp310-manylinux_2_5_i686.manylinux1_i686.manylinux_2_17_i686.manylinux2014_i686.whl", hash = "sha256:798a3d05ee3b71967844a1164fd5bdb8c22c6d674f26274e78b9f29d81770c4e"},
    {file = "pydantic-1.10.14-cp310-cp310-musllinux_1_1_i686.whl", hash = "sha256:23d47a4b57a38e8652bcab15a658fdb13c785b9ce217cc3a729504ab4e1d6bc9"},
    {file = "pydantic-1.10.14-cp310-cp310-musllinux_1_1_x86_64.whl", hash = "sha256:f9f674b5c3bebc2eba401de64f29948ae1e646ba2735f884d1594c5f675d6f2a"},
    {file = "pydantic-1.10.14-cp310-cp310-win_amd64.whl", hash = "sha256:24a7679fab2e0eeedb5a8924fc4a694b3bcaac7d305aeeac72dd7d4e05ecbebf"},
    {file = "pydantic-1.10.14-cp311-cp311-macosx_10_9_x86_64.whl", hash = "sha256:9d578ac4bf7fdf10ce14caba6f734c178379bd35c486c6deb6f49006e1ba78a7"},
    {file = "pydantic-1.10.14-cp311-cp311-macosx_11_0_arm64.whl", hash = "sha256:fa7790e94c60f809c95602a26d906eba01a0abee9cc24150e4ce2189352deb1b"},
    {file = "pydantic-1.10.14-cp311-cp311-manylinux_2_17_x86_64.manylinux2014_x86_64.whl", hash = "sha256:aad4e10efa5474ed1a611b6d7f0d130f4aafadceb73c11d9e72823e8f508e663"},
    {file = "pydantic-1.10.14-cp311-cp311-manylinux_2_5_i686.manylinux1_i686.manylinux_2_17_i686.manylinux2014_i686.whl", hash = "sha256:1245f4f61f467cb3dfeced2b119afef3db386aec3d24a22a1de08c65038b255f"},
    {file = "pydantic-1.10.14-cp311-cp311-musllinux_1_1_i686.whl", hash = "sha256:21efacc678a11114c765eb52ec0db62edffa89e9a562a94cbf8fa10b5db5c046"},
    {file = "pydantic-1.10.14-cp311-cp311-musllinux_1_1_x86_64.whl", hash = "sha256:412ab4a3f6dbd2bf18aefa9f79c7cca23744846b31f1d6555c2ee2b05a2e14ca"},
    {file = "pydantic-1.10.14-cp311-cp311-win_amd64.whl", hash = "sha256:e897c9f35281f7889873a3e6d6b69aa1447ceb024e8495a5f0d02ecd17742a7f"},
    {file = "pydantic-1.10.14-cp37-cp37m-macosx_10_9_x86_64.whl", hash = "sha256:d604be0f0b44d473e54fdcb12302495fe0467c56509a2f80483476f3ba92b33c"},
    {file = "pydantic-1.10.14-cp37-cp37m-manylinux_2_17_x86_64.manylinux2014_x86_64.whl", hash = "sha256:a42c7d17706911199798d4c464b352e640cab4351efe69c2267823d619a937e5"},
    {file = "pydantic-1.10.14-cp37-cp37m-manylinux_2_5_i686.manylinux1_i686.manylinux_2_17_i686.manylinux2014_i686.whl", hash = "sha256:596f12a1085e38dbda5cbb874d0973303e34227b400b6414782bf205cc14940c"},
    {file = "pydantic-1.10.14-cp37-cp37m-musllinux_1_1_i686.whl", hash = "sha256:bfb113860e9288d0886e3b9e49d9cf4a9d48b441f52ded7d96db7819028514cc"},
    {file = "pydantic-1.10.14-cp37-cp37m-musllinux_1_1_x86_64.whl", hash = "sha256:bc3ed06ab13660b565eed80887fcfbc0070f0aa0691fbb351657041d3e874efe"},
    {file = "pydantic-1.10.14-cp37-cp37m-win_amd64.whl", hash = "sha256:ad8c2bc677ae5f6dbd3cf92f2c7dc613507eafe8f71719727cbc0a7dec9a8c01"},
    {file = "pydantic-1.10.14-cp38-cp38-macosx_10_9_x86_64.whl", hash = "sha256:c37c28449752bb1f47975d22ef2882d70513c546f8f37201e0fec3a97b816eee"},
    {file = "pydantic-1.10.14-cp38-cp38-macosx_11_0_arm64.whl", hash = "sha256:49a46a0994dd551ec051986806122767cf144b9702e31d47f6d493c336462597"},
    {file = "pydantic-1.10.14-cp38-cp38-manylinux_2_17_x86_64.manylinux2014_x86_64.whl", hash = "sha256:53e3819bd20a42470d6dd0fe7fc1c121c92247bca104ce608e609b59bc7a77ee"},
    {file = "pydantic-1.10.14-cp38-cp38-manylinux_2_5_i686.manylinux1_i686.manylinux_2_17_i686.manylinux2014_i686.whl", hash = "sha256:0fbb503bbbbab0c588ed3cd21975a1d0d4163b87e360fec17a792f7d8c4ff29f"},
    {file = "pydantic-1.10.14-cp38-cp38-musllinux_1_1_i686.whl", hash = "sha256:336709883c15c050b9c55a63d6c7ff09be883dbc17805d2b063395dd9d9d0022"},
    {file = "pydantic-1.10.14-cp38-cp38-musllinux_1_1_x86_64.whl", hash = "sha256:4ae57b4d8e3312d486e2498d42aed3ece7b51848336964e43abbf9671584e67f"},
    {file = "pydantic-1.10.14-cp38-cp38-win_amd64.whl", hash = "sha256:dba49d52500c35cfec0b28aa8b3ea5c37c9df183ffc7210b10ff2a415c125c4a"},
    {file = "pydantic-1.10.14-cp39-cp39-macosx_10_9_x86_64.whl", hash = "sha256:c66609e138c31cba607d8e2a7b6a5dc38979a06c900815495b2d90ce6ded35b4"},
    {file = "pydantic-1.10.14-cp39-cp39-macosx_11_0_arm64.whl", hash = "sha256:d986e115e0b39604b9eee3507987368ff8148222da213cd38c359f6f57b3b347"},
    {file = "pydantic-1.10.14-cp39-cp39-manylinux_2_17_x86_64.manylinux2014_x86_64.whl", hash = "sha256:646b2b12df4295b4c3148850c85bff29ef6d0d9621a8d091e98094871a62e5c7"},
    {file = "pydantic-1.10.14-cp39-cp39-manylinux_2_5_i686.manylinux1_i686.manylinux_2_17_i686.manylinux2014_i686.whl", hash = "sha256:282613a5969c47c83a8710cc8bfd1e70c9223feb76566f74683af889faadc0ea"},
    {file = "pydantic-1.10.14-cp39-cp39-musllinux_1_1_i686.whl", hash = "sha256:466669501d08ad8eb3c4fecd991c5e793c4e0bbd62299d05111d4f827cded64f"},
    {file = "pydantic-1.10.14-cp39-cp39-musllinux_1_1_x86_64.whl", hash = "sha256:13e86a19dca96373dcf3190fcb8797d40a6f12f154a244a8d1e8e03b8f280593"},
    {file = "pydantic-1.10.14-cp39-cp39-win_amd64.whl", hash = "sha256:08b6ec0917c30861e3fe71a93be1648a2aa4f62f866142ba21670b24444d7fd8"},
    {file = "pydantic-1.10.14-py3-none-any.whl", hash = "sha256:8ee853cd12ac2ddbf0ecbac1c289f95882b2d4482258048079d13be700aa114c"},
    {file = "pydantic-1.10.14.tar.gz", hash = "sha256:46f17b832fe27de7850896f3afee50ea682220dd218f7e9c88d436788419dca6"},
]

[package.dependencies]
typing-extensions = ">=4.2.0"

[package.extras]
dotenv = ["python-dotenv (>=0.10.4)"]
email = ["email-validator (>=1.0.3)"]

[[package]]
name = "python-dateutil"
version = "2.8.2"
description = "Extensions to the standard Python datetime module"
optional = false
python-versions = "!=3.0.*,!=3.1.*,!=3.2.*,>=2.7"
files = [
    {file = "python-dateutil-2.8.2.tar.gz", hash = "sha256:0123cacc1627ae19ddf3c27a5de5bd67ee4586fbdd6440d9748f8abb483d3e86"},
    {file = "python_dateutil-2.8.2-py2.py3-none-any.whl", hash = "sha256:961d03dc3453ebbc59dbdea9e4e11c5651520a876d0f4db161e8674aae935da9"},
]

[package.dependencies]
six = ">=1.5"

[[package]]
name = "python-dotenv"
version = "1.0.1"
description = "Read key-value pairs from a .env file and set them as environment variables"
optional = false
python-versions = ">=3.8"
files = [
    {file = "python-dotenv-1.0.1.tar.gz", hash = "sha256:e324ee90a023d808f1959c46bcbc04446a10ced277783dc6ee09987c37ec10ca"},
    {file = "python_dotenv-1.0.1-py3-none-any.whl", hash = "sha256:f7b63ef50f1b690dddf550d03497b66d609393b40b564ed0d674909a68ebf16a"},
]

[package.extras]
cli = ["click (>=5.0)"]

[[package]]
name = "pyyaml"
version = "6.0.1"
description = "YAML parser and emitter for Python"
optional = false
python-versions = ">=3.6"
files = [
    {file = "PyYAML-6.0.1-cp310-cp310-macosx_10_9_x86_64.whl", hash = "sha256:d858aa552c999bc8a8d57426ed01e40bef403cd8ccdd0fc5f6f04a00414cac2a"},
    {file = "PyYAML-6.0.1-cp310-cp310-macosx_11_0_arm64.whl", hash = "sha256:fd66fc5d0da6d9815ba2cebeb4205f95818ff4b79c3ebe268e75d961704af52f"},
    {file = "PyYAML-6.0.1-cp310-cp310-manylinux_2_17_aarch64.manylinux2014_aarch64.whl", hash = "sha256:69b023b2b4daa7548bcfbd4aa3da05b3a74b772db9e23b982788168117739938"},
    {file = "PyYAML-6.0.1-cp310-cp310-manylinux_2_17_s390x.manylinux2014_s390x.whl", hash = "sha256:81e0b275a9ecc9c0c0c07b4b90ba548307583c125f54d5b6946cfee6360c733d"},
    {file = "PyYAML-6.0.1-cp310-cp310-manylinux_2_17_x86_64.manylinux2014_x86_64.whl", hash = "sha256:ba336e390cd8e4d1739f42dfe9bb83a3cc2e80f567d8805e11b46f4a943f5515"},
    {file = "PyYAML-6.0.1-cp310-cp310-musllinux_1_1_x86_64.whl", hash = "sha256:326c013efe8048858a6d312ddd31d56e468118ad4cdeda36c719bf5bb6192290"},
    {file = "PyYAML-6.0.1-cp310-cp310-win32.whl", hash = "sha256:bd4af7373a854424dabd882decdc5579653d7868b8fb26dc7d0e99f823aa5924"},
    {file = "PyYAML-6.0.1-cp310-cp310-win_amd64.whl", hash = "sha256:fd1592b3fdf65fff2ad0004b5e363300ef59ced41c2e6b3a99d4089fa8c5435d"},
    {file = "PyYAML-6.0.1-cp311-cp311-macosx_10_9_x86_64.whl", hash = "sha256:6965a7bc3cf88e5a1c3bd2e0b5c22f8d677dc88a455344035f03399034eb3007"},
    {file = "PyYAML-6.0.1-cp311-cp311-macosx_11_0_arm64.whl", hash = "sha256:f003ed9ad21d6a4713f0a9b5a7a0a79e08dd0f221aff4525a2be4c346ee60aab"},
    {file = "PyYAML-6.0.1-cp311-cp311-manylinux_2_17_aarch64.manylinux2014_aarch64.whl", hash = "sha256:42f8152b8dbc4fe7d96729ec2b99c7097d656dc1213a3229ca5383f973a5ed6d"},
    {file = "PyYAML-6.0.1-cp311-cp311-manylinux_2_17_s390x.manylinux2014_s390x.whl", hash = "sha256:062582fca9fabdd2c8b54a3ef1c978d786e0f6b3a1510e0ac93ef59e0ddae2bc"},
    {file = "PyYAML-6.0.1-cp311-cp311-manylinux_2_17_x86_64.manylinux2014_x86_64.whl", hash = "sha256:d2b04aac4d386b172d5b9692e2d2da8de7bfb6c387fa4f801fbf6fb2e6ba4673"},
    {file = "PyYAML-6.0.1-cp311-cp311-musllinux_1_1_x86_64.whl", hash = "sha256:e7d73685e87afe9f3b36c799222440d6cf362062f78be1013661b00c5c6f678b"},
    {file = "PyYAML-6.0.1-cp311-cp311-win32.whl", hash = "sha256:1635fd110e8d85d55237ab316b5b011de701ea0f29d07611174a1b42f1444741"},
    {file = "PyYAML-6.0.1-cp311-cp311-win_amd64.whl", hash = "sha256:bf07ee2fef7014951eeb99f56f39c9bb4af143d8aa3c21b1677805985307da34"},
    {file = "PyYAML-6.0.1-cp312-cp312-macosx_10_9_x86_64.whl", hash = "sha256:855fb52b0dc35af121542a76b9a84f8d1cd886ea97c84703eaa6d88e37a2ad28"},
    {file = "PyYAML-6.0.1-cp312-cp312-macosx_11_0_arm64.whl", hash = "sha256:40df9b996c2b73138957fe23a16a4f0ba614f4c0efce1e9406a184b6d07fa3a9"},
    {file = "PyYAML-6.0.1-cp312-cp312-manylinux_2_17_x86_64.manylinux2014_x86_64.whl", hash = "sha256:6c22bec3fbe2524cde73d7ada88f6566758a8f7227bfbf93a408a9d86bcc12a0"},
    {file = "PyYAML-6.0.1-cp312-cp312-musllinux_1_1_x86_64.whl", hash = "sha256:8d4e9c88387b0f5c7d5f281e55304de64cf7f9c0021a3525bd3b1c542da3b0e4"},
    {file = "PyYAML-6.0.1-cp312-cp312-win32.whl", hash = "sha256:d483d2cdf104e7c9fa60c544d92981f12ad66a457afae824d146093b8c294c54"},
    {file = "PyYAML-6.0.1-cp312-cp312-win_amd64.whl", hash = "sha256:0d3304d8c0adc42be59c5f8a4d9e3d7379e6955ad754aa9d6ab7a398b59dd1df"},
    {file = "PyYAML-6.0.1-cp36-cp36m-macosx_10_9_x86_64.whl", hash = "sha256:50550eb667afee136e9a77d6dc71ae76a44df8b3e51e41b77f6de2932bfe0f47"},
    {file = "PyYAML-6.0.1-cp36-cp36m-manylinux_2_17_aarch64.manylinux2014_aarch64.whl", hash = "sha256:1fe35611261b29bd1de0070f0b2f47cb6ff71fa6595c077e42bd0c419fa27b98"},
    {file = "PyYAML-6.0.1-cp36-cp36m-manylinux_2_17_s390x.manylinux2014_s390x.whl", hash = "sha256:704219a11b772aea0d8ecd7058d0082713c3562b4e271b849ad7dc4a5c90c13c"},
    {file = "PyYAML-6.0.1-cp36-cp36m-manylinux_2_17_x86_64.manylinux2014_x86_64.whl", hash = "sha256:afd7e57eddb1a54f0f1a974bc4391af8bcce0b444685d936840f125cf046d5bd"},
    {file = "PyYAML-6.0.1-cp36-cp36m-win32.whl", hash = "sha256:fca0e3a251908a499833aa292323f32437106001d436eca0e6e7833256674585"},
    {file = "PyYAML-6.0.1-cp36-cp36m-win_amd64.whl", hash = "sha256:f22ac1c3cac4dbc50079e965eba2c1058622631e526bd9afd45fedd49ba781fa"},
    {file = "PyYAML-6.0.1-cp37-cp37m-macosx_10_9_x86_64.whl", hash = "sha256:b1275ad35a5d18c62a7220633c913e1b42d44b46ee12554e5fd39c70a243d6a3"},
    {file = "PyYAML-6.0.1-cp37-cp37m-manylinux_2_17_aarch64.manylinux2014_aarch64.whl", hash = "sha256:18aeb1bf9a78867dc38b259769503436b7c72f7a1f1f4c93ff9a17de54319b27"},
    {file = "PyYAML-6.0.1-cp37-cp37m-manylinux_2_17_s390x.manylinux2014_s390x.whl", hash = "sha256:596106435fa6ad000c2991a98fa58eeb8656ef2325d7e158344fb33864ed87e3"},
    {file = "PyYAML-6.0.1-cp37-cp37m-manylinux_2_17_x86_64.manylinux2014_x86_64.whl", hash = "sha256:baa90d3f661d43131ca170712d903e6295d1f7a0f595074f151c0aed377c9b9c"},
    {file = "PyYAML-6.0.1-cp37-cp37m-win32.whl", hash = "sha256:9046c58c4395dff28dd494285c82ba00b546adfc7ef001486fbf0324bc174fba"},
    {file = "PyYAML-6.0.1-cp37-cp37m-win_amd64.whl", hash = "sha256:4fb147e7a67ef577a588a0e2c17b6db51dda102c71de36f8549b6816a96e1867"},
    {file = "PyYAML-6.0.1-cp38-cp38-macosx_10_9_x86_64.whl", hash = "sha256:1d4c7e777c441b20e32f52bd377e0c409713e8bb1386e1099c2415f26e479595"},
    {file = "PyYAML-6.0.1-cp38-cp38-manylinux_2_17_aarch64.manylinux2014_aarch64.whl", hash = "sha256:a0cd17c15d3bb3fa06978b4e8958dcdc6e0174ccea823003a106c7d4d7899ac5"},
    {file = "PyYAML-6.0.1-cp38-cp38-manylinux_2_17_s390x.manylinux2014_s390x.whl", hash = "sha256:28c119d996beec18c05208a8bd78cbe4007878c6dd15091efb73a30e90539696"},
    {file = "PyYAML-6.0.1-cp38-cp38-manylinux_2_17_x86_64.manylinux2014_x86_64.whl", hash = "sha256:7e07cbde391ba96ab58e532ff4803f79c4129397514e1413a7dc761ccd755735"},
    {file = "PyYAML-6.0.1-cp38-cp38-musllinux_1_1_x86_64.whl", hash = "sha256:49a183be227561de579b4a36efbb21b3eab9651dd81b1858589f796549873dd6"},
    {file = "PyYAML-6.0.1-cp38-cp38-win32.whl", hash = "sha256:184c5108a2aca3c5b3d3bf9395d50893a7ab82a38004c8f61c258d4428e80206"},
    {file = "PyYAML-6.0.1-cp38-cp38-win_amd64.whl", hash = "sha256:1e2722cc9fbb45d9b87631ac70924c11d3a401b2d7f410cc0e3bbf249f2dca62"},
    {file = "PyYAML-6.0.1-cp39-cp39-macosx_10_9_x86_64.whl", hash = "sha256:9eb6caa9a297fc2c2fb8862bc5370d0303ddba53ba97e71f08023b6cd73d16a8"},
    {file = "PyYAML-6.0.1-cp39-cp39-macosx_11_0_arm64.whl", hash = "sha256:c8098ddcc2a85b61647b2590f825f3db38891662cfc2fc776415143f599bb859"},
    {file = "PyYAML-6.0.1-cp39-cp39-manylinux_2_17_aarch64.manylinux2014_aarch64.whl", hash = "sha256:5773183b6446b2c99bb77e77595dd486303b4faab2b086e7b17bc6bef28865f6"},
    {file = "PyYAML-6.0.1-cp39-cp39-manylinux_2_17_s390x.manylinux2014_s390x.whl", hash = "sha256:b786eecbdf8499b9ca1d697215862083bd6d2a99965554781d0d8d1ad31e13a0"},
    {file = "PyYAML-6.0.1-cp39-cp39-manylinux_2_17_x86_64.manylinux2014_x86_64.whl", hash = "sha256:bc1bf2925a1ecd43da378f4db9e4f799775d6367bdb94671027b73b393a7c42c"},
    {file = "PyYAML-6.0.1-cp39-cp39-musllinux_1_1_x86_64.whl", hash = "sha256:04ac92ad1925b2cff1db0cfebffb6ffc43457495c9b3c39d3fcae417d7125dc5"},
    {file = "PyYAML-6.0.1-cp39-cp39-win32.whl", hash = "sha256:faca3bdcf85b2fc05d06ff3fbc1f83e1391b3e724afa3feba7d13eeab355484c"},
    {file = "PyYAML-6.0.1-cp39-cp39-win_amd64.whl", hash = "sha256:510c9deebc5c0225e8c96813043e62b680ba2f9c50a08d3724c7f28a747d1486"},
    {file = "PyYAML-6.0.1.tar.gz", hash = "sha256:bfdf460b1736c775f2ba9f6a92bca30bc2095067b8a9d77876d1fad6cc3b4a43"},
]

[[package]]
name = "redis"
version = "5.0.1"
description = "Python client for Redis database and key-value store"
optional = false
python-versions = ">=3.7"
files = [
    {file = "redis-5.0.1-py3-none-any.whl", hash = "sha256:ed4802971884ae19d640775ba3b03aa2e7bd5e8fb8dfaed2decce4d0fc48391f"},
    {file = "redis-5.0.1.tar.gz", hash = "sha256:0dab495cd5753069d3bc650a0dde8a8f9edde16fc5691b689a566eda58100d0f"},
]

[package.dependencies]
async-timeout = {version = ">=4.0.2", markers = "python_full_version <= \"3.11.2\""}

[package.extras]
hiredis = ["hiredis (>=1.0.0)"]
ocsp = ["cryptography (>=36.0.1)", "pyopenssl (==20.0.1)", "requests (>=2.26.0)"]

[[package]]
name = "s3transfer"
version = "0.10.0"
description = "An Amazon S3 Transfer Manager"
optional = false
python-versions = ">= 3.8"
files = [
    {file = "s3transfer-0.10.0-py3-none-any.whl", hash = "sha256:3cdb40f5cfa6966e812209d0994f2a4709b561c88e90cf00c2696d2df4e56b2e"},
    {file = "s3transfer-0.10.0.tar.gz", hash = "sha256:d0c8bbf672d5eebbe4e57945e23b972d963f07d82f661cabf678a5c88831595b"},
]

[package.dependencies]
botocore = ">=1.33.2,<2.0a.0"

[package.extras]
crt = ["botocore[crt] (>=1.33.2,<2.0a.0)"]

[[package]]
name = "setuptools"
version = "68.2.2"
description = "Easily download, build, install, upgrade, and uninstall Python packages"
optional = false
python-versions = ">=3.8"
files = [
    {file = "setuptools-68.2.2-py3-none-any.whl", hash = "sha256:b454a35605876da60632df1a60f736524eb73cc47bbc9f3f1ef1b644de74fd2a"},
    {file = "setuptools-68.2.2.tar.gz", hash = "sha256:4ac1475276d2f1c48684874089fefcd83bd7162ddaafb81fac866ba0db282a87"},
]

[package.extras]
docs = ["furo", "jaraco.packaging (>=9.3)", "jaraco.tidelift (>=1.4)", "pygments-github-lexers (==0.0.5)", "rst.linker (>=1.9)", "sphinx (>=3.5)", "sphinx-favicon", "sphinx-hoverxref (<2)", "sphinx-inline-tabs", "sphinx-lint", "sphinx-notfound-page (>=1,<2)", "sphinx-reredirects", "sphinxcontrib-towncrier"]
testing = ["build[virtualenv]", "filelock (>=3.4.0)", "flake8-2020", "ini2toml[lite] (>=0.9)", "jaraco.develop (>=7.21)", "jaraco.envs (>=2.2)", "jaraco.path (>=3.2.0)", "pip (>=19.1)", "pytest (>=6)", "pytest-black (>=0.3.7)", "pytest-checkdocs (>=2.4)", "pytest-cov", "pytest-enabler (>=2.2)", "pytest-mypy (>=0.9.1)", "pytest-perf", "pytest-ruff", "pytest-timeout", "pytest-xdist", "tomli-w (>=1.0.0)", "virtualenv (>=13.0.0)", "wheel"]
testing-integration = ["build[virtualenv] (>=1.0.3)", "filelock (>=3.4.0)", "jaraco.envs (>=2.2)", "jaraco.path (>=3.2.0)", "packaging (>=23.1)", "pytest", "pytest-enabler", "pytest-xdist", "tomli", "virtualenv (>=13.0.0)", "wheel"]

[[package]]
name = "six"
version = "1.16.0"
description = "Python 2 and 3 compatibility utilities"
optional = false
python-versions = ">=2.7, !=3.0.*, !=3.1.*, !=3.2.*"
files = [
    {file = "six-1.16.0-py2.py3-none-any.whl", hash = "sha256:8abb2f1d86890a2dfb989f9a77cfcfd3e47c2a354b01111771326f8aa26e0254"},
    {file = "six-1.16.0.tar.gz", hash = "sha256:1e61c37477a1626458e36f7b1d82aa5c9b094fa4802892072e49de9c60c4c926"},
]

[[package]]
name = "typing-extensions"
version = "4.9.0"
description = "Backported and Experimental Type Hints for Python 3.8+"
optional = false
python-versions = ">=3.8"
files = [
    {file = "typing_extensions-4.9.0-py3-none-any.whl", hash = "sha256:af72aea155e91adfc61c3ae9e0e342dbc0cba726d6cba4b6c72c1f34e47291cd"},
    {file = "typing_extensions-4.9.0.tar.gz", hash = "sha256:23478f88c37f27d76ac8aee6c905017a143b0b1b886c3c9f66bc2fd94f9f5783"},
]

[[package]]
name = "urllib3"
version = "2.0.7"
description = "HTTP library with thread-safe connection pooling, file post, and more."
optional = false
python-versions = ">=3.7"
files = [
    {file = "urllib3-2.0.7-py3-none-any.whl", hash = "sha256:fdb6d215c776278489906c2f8916e6e7d4f5a9b602ccbcfdf7f016fc8da0596e"},
    {file = "urllib3-2.0.7.tar.gz", hash = "sha256:c97dfde1f7bd43a71c8d2a58e369e9b2bf692d1334ea9f9cae55add7d0dd0f84"},
]

[package.extras]
brotli = ["brotli (>=1.0.9)", "brotlicffi (>=0.8.0)"]
secure = ["certifi", "cryptography (>=1.9)", "idna (>=2.0.0)", "pyopenssl (>=17.1.0)", "urllib3-secure-extra"]
socks = ["pysocks (>=1.5.6,!=1.5.7,<2.0)"]
zstd = ["zstandard (>=0.18.0)"]

[metadata]
lock-version = "2.0"
python-versions = "^3.10"
content-hash = "4fa7f0b84c45b758f65fda56ff3e1e1b9943c6d1eacb8841110d3868863812ff"
